
// !$*UTF8*$!
{
	archiveVersion = 1;
	classes = {
	};
	objectVersion = 50;
	objects = {

/* Begin PBXBuildFile section */
		3E7F266B2556391900ABE8A5 /* AppDelegate.swift in Sources */ = {isa = PBXBuildFile; fileRef = 3E7F266A2556391900ABE8A5 /* AppDelegate.swift */; };
		3E7F266D2556391900ABE8A5 /* SceneDelegate.swift in Sources */ = {isa = PBXBuildFile; fileRef = 3E7F266C2556391900ABE8A5 /* SceneDelegate.swift */; };
		3E7F266F2556391900ABE8A5 /* ViewController.swift in Sources */ = {isa = PBXBuildFile; fileRef = 3E7F266E2556391900ABE8A5 /* ViewController.swift */; };
		3E7F26722556391900ABE8A5 /* Main.storyboard in Resources */ = {isa = PBXBuildFile; fileRef = 3E7F26702556391900ABE8A5 /* Main.storyboard */; };
		3E7F26752556391900ABE8A5 /* Alinea.xcdatamodeld in Sources */ = {isa = PBXBuildFile; fileRef = 3E7F26732556391900ABE8A5 /* Alinea.xcdatamodeld */; };
		3E7F26772556391F00ABE8A5 /* Assets.xcassets in Resources */ = {isa = PBXBuildFile; fileRef = 3E7F26762556391F00ABE8A5 /* Assets.xcassets */; };
		3E7F267A2556391F00ABE8A5 /* LaunchScreen.storyboard in Resources */ = {isa = PBXBuildFile; fileRef = 3E7F26782556391F00ABE8A5 /* LaunchScreen.storyboard */; };
		3E7F26852556391F00ABE8A5 /* AlineaTests.swift in Sources */ = {isa = PBXBuildFile; fileRef = 3E7F26842556391F00ABE8A5 /* AlineaTests.swift */; };
		3E7F26902556391F00ABE8A5 /* AlineaUITests.swift in Sources */ = {isa = PBXBuildFile; fileRef = 3E7F268F2556391F00ABE8A5 /* AlineaUITests.swift */; };
		3E7F26A02556397F00ABE8A5 /* ALMainViewController.swift in Sources */ = {isa = PBXBuildFile; fileRef = 3E7F269F2556397F00ABE8A5 /* ALMainViewController.swift */; };
		3E7F26A325563F2900ABE8A5 /* UIColor+Extension.swift in Sources */ = {isa = PBXBuildFile; fileRef = 3E7F26A225563F2900ABE8A5 /* UIColor+Extension.swift */; };
		3E7F26A5255645FC00ABE8A5 /* UIImage+Extension.swift in Sources */ = {isa = PBXBuildFile; fileRef = 3E7F26A4255645FC00ABE8A5 /* UIImage+Extension.swift */; };
		3E7F26A725564C2800ABE8A5 /* ALFirstViewController.swift in Sources */ = {isa = PBXBuildFile; fileRef = 3E7F26A625564C2800ABE8A5 /* ALFirstViewController.swift */; };
		3E7F26A925564C3100ABE8A5 /* ALSecondViewController.swift in Sources */ = {isa = PBXBuildFile; fileRef = 3E7F26A825564C3100ABE8A5 /* ALSecondViewController.swift */; };
		3E7F26AB2556545300ABE8A5 /* ALThemesViewController.swift in Sources */ = {isa = PBXBuildFile; fileRef = 3E7F26AA2556545300ABE8A5 /* ALThemesViewController.swift */; };